Microsoft Visual Studio Solution File, Format Version 11.00
# Visual C++ Express 2010
Project("{8BC9CEB8-8B4A-11D0-8D11-00A0C91BC942}") = "CodeWorker", "CodeWorker.vcxproj", "{4EC3AA8C-5453-E085-1812-A1F4090C8364}"
EndProject
Project("{8BC9CEB8-8B4A-11D0-8D11-00A0C91BC942}") = "CodeWorkerEXE", "CodeWorkerEXE.vcxproj", "{871FC3CB-CC12-7444-DFE0-B89E73BC1348}"
EndProject
Project("{8BC9CEB8-8B4A-11D0-8D11-00A0C91BC942}") = "CodeWorker.NET", "cs\CodeWorker.NET.vcxproj", "{0C6741D4-2A42-451B-80B5-EE480B0FB155}"
EndProject
Project("{8BC9CEB8-8B4A-11D0-8D11-00A0C91BC942}") = "CodeWorker.JNI", "java\CodeWorker.JNI.vcxproj", "{E123F3E0-BAB6-4845-BB9D-47DE5F0D5575}"
EndProject
Global
	GlobalSection(SolutionConfigurationPlatforms) = preSolution
		Debug|Win32 = Debug|Win32
		Release|Win32 = Release|Win32
	EndGlobalSection
	GlobalSection(ProjectConfigurationPlatforms) = postSolution
		{4EC3AA8C-5453-E085-1812-A1F4090C8364}.Debug|Win32.ActiveCfg = Debug|Win32
		{4EC3AA8C-5453-E085-1812-A1F4090C8364}.Release|Win32.ActiveCfg = Release|Win32
		{871FC3CB-CC12-7444-DFE0-B89E73BC1348}.Debug|Win32.ActiveCfg = Debug|Win32
		{871FC3CB-CC12-7444-DFE0-B89E73BC1348}.Release|Win32.ActiveCfg = Release|Win32
		{0C6741D4-2A42-451B-80B5-EE480B0FB155}.Debug|Win32.ActiveCfg = Debug|Win32
		{0C6741D4-2A42-451B-80B5-EE480B0FB155}.Debug|Win32.Build.0 = Debug|Win32
		{0C6741D4-2A42-451B-80B5-EE480B0FB155}.Release|Win32.ActiveCfg = Release|Win32
		{0C6741D4-2A42-451B-80B5-EE480B0FB155}.Release|Win32.Build.0 = Release|Win32
		{E123F3E0-BAB6-4845-BB9D-47DE5F0D5575}.Debug|Win32.ActiveCfg = Debug|Win32
		{E123F3E0-BAB6-4845-BB9D-47DE5F0D5575}.Debug|Win32.Build.0 = Debug|Win32
		{E123F3E0-BAB6-4845-BB9D-47DE5F0D5575}.Release|Win32.ActiveCfg = Release|Win32
		{E123F3E0-BAB6-4845-BB9D-47DE5F0D5575}.Release|Win32.Build.0 = Release|Win32
	EndGlobalSection
	GlobalSection(SolutionProperties) = preSolution
		HideSolutionNode = FALSE
	EndGlobalSection
	GlobalSection(DPCodeReviewSolutionGUID) = preSolution
		DPCodeReviewSolutionGUID = {00000000-0000-0000-0000-000000000000}
	EndGlobalSection
EndGlobal
